// !$*UTF8*$!
{
	archiveVersion = 1;
	classes = {
	};
	objectVersion = 77;
	objects = {

/* Begin PBXBuildFile section */
		ECB519032E10127400C2E2A4 /* README.rtf in Resources */ = {isa = PBXBuildFile; fileRef = ECB519022E10127400C2E2A4 /* README.rtf */; };
/* End PBXBuildFile section */

/* Begin PBXContainerItemProxy section */
		ECF1B8F82E0E6CF200D95400 /* PBXContainerItemProxy */ = {
			isa = PBXContainerItemProxy;
			containerPortal = ECF1B8DF2E0E6CF000D95400 /* Project object */;
			proxyType = 1;
			remoteGlobalIDString = ECF1B8E62E0E6CF000D95400;
			remoteInfo = EqualExpertTest;
		};
		ECF1B9022E0E6CF200D95400 /* PBXContainerItemProxy */ = {
			isa = PBXContainerItemProxy;
			containerPortal = ECF1B8DF2E0E6CF000D95400 /* Project object */;
			proxyType = 1;
			remoteGlobalIDString = ECF1B8E62E0E6CF000D95400;
			remoteInfo = EqualExpertTest;
		};
/* End PBXContainerItemProxy section */

/* Begin PBXFileReference section */
		ECB519022E10127400C2E2A4 /* README.rtf */ = {isa = PBXFileReference; lastKnownFileType = text.rtf; path = README.rtf; sourceTree = "<group>"; };
		ECF1B8E72E0E6CF000D95400 /* EqualExpertTest.app */ = {isa = PBXFileReference; explicitFileType = wrapper.application; includeInIndex = 0; path = EqualExpertTest.app; sourceTree = BUILT_PRODUCTS_DIR; };
		ECF1B8F72E0E6CF200D95400 /* EqualExpertTestTests.xctest */ = {isa = PBXFileReference; explicitFileType = wrapper.cfbundle; includeInIndex = 0; path = EqualExpertTestTests.xctest; sourceTree = BUILT_PRODUCTS_DIR; };
		ECF1B9012E0E6CF200D95400 /* EqualExpertTestUITests.xctest */ = {isa = PBXFileReference; explicitFileType = wrapper.cfbundle; includeInIndex = 0; path = EqualExpertTestUITests.xctest; sourceTree = BUILT_PRODUCTS_DIR; };
/* End PBXFileReference section */

/* Begin PBXFileSystemSynchronizedRootGroup section */
		ECF1B8E92E0E6CF000D95400 /* EqualExpertTest */ = {
			isa = PBXFileSystemSynchronizedRootGroup;
			path = EqualExpertTest;
			sourceTree = "<group>";
		};
		ECF1B8FA2E0E6CF200D95400 /* EqualExpertTestTests */ = {
			isa = PBXFileSystemSynchronizedRootGroup;
			path = EqualExpertTestTests;
			sourceTree = "<group>";
		};
		ECF1B9042E0E6CF200D95400 /* EqualExpertTestUITests */ = {
			isa = PBXFileSystemSynchronizedRootGroup;
			path = EqualExpertTestUITests;
			sourceTree = "<group>";
		};
/* End PBXFileSystemSynchronizedRootGroup section */

/* Begin PBXFrameworksBuildPhase section */
		ECF1B8E42E0E6CF000D95400 /* Frameworks */ = {
			isa = PBXFrameworksBuildPhase;
			buildActionMask = 2147483647;
			files = (
			);
			runOnlyForDeploymentPostprocessing = 0;
		};
		ECF1B8F42E0E6CF200D95400 /* Frameworks */ = {
			isa = PBXFrameworksBuildPhase;
			buildActionMask = 2147483647;
			files = (
			);
			runOnlyForDeploymentPostprocessing = 0;
		};
		ECF1B8FE2E0E6CF200D95400 /* Frameworks */ = {
			isa = PBXFrameworksBuildPhase;
			buildActionMask = 2147483647;
			files = (
			);
			runOnlyForDeploymentPostprocessing = 0;
		};
/* End PBXFrameworksBuildPhase section */

/* Begin PBXGroup section */
		ECF1B8DE2E0E6CF000D95400 = {
			isa = PBXGroup;
			children = (
				ECB519022E10127400C2E2A4 /* README.rtf */,
				ECF1B8E92E0E6CF000D95400 /* EqualExpertTest */,
				ECF1B8FA2E0E6CF200D95400 /* EqualExpertTestTests */,
				ECF1B9042E0E6CF200D95400 /* EqualExpertTestUITests */,
				ECF1B8E82E0E6CF000D95400 /* Products */,
			);
			sourceTree = "<group>";
		};
		ECF1B8E82E0E6CF000D95400 /* Products */ = {
			isa = PBXGroup;
			children = (
				ECF1B8E72E0E6CF000D95400 /* EqualExpertTest.app */,
				ECF1B8F72E0E6CF200D95400 /* EqualExpertTestTests.xctest */,
				ECF1B9012E0E6CF200D95400 /* EqualExpertTestUITests.xctest */,
			);
			name = Products;
			sourceTree = "<group>";
		};
/* End PBXGroup section */

/* Begin PBXNativeTarget section */
		ECF1B8E62E0E6CF000D95400 /* EqualExpertTest */ = {
			isa = PBXNativeTarget;
			buildConfigurationList = ECF1B90B2E0E6CF200D95400 /* Build configuration list for PBXNativeTarget "EqualExpertTest" */;
			buildPhases = (
				ECF1B8E32E0E6CF000D95400 /* Sources */,
				ECF1B8E42E0E6CF000D95400 /* Frameworks */,
				ECF1B8E52E0E6CF000D95400 /* Resources */,
			);
			buildRules = (
			);
			dependencies = (
			);
			fileSystemSynchronizedGroups = (
				ECF1B8E92E0E6CF000D95400 /* EqualExpertTest */,
			);
			name = EqualExpertTest;
			packageProductDependencies = (
			);
			productName = EqualExpertTest;
			productReference = ECF1B8E72E0E6CF000D95400 /* EqualExpertTest.app */;
			productType = "com.apple.product-type.application";
		};
		ECF1B8F62E0E6CF200D95400 /* EqualExpertTestTests */ = {
			isa = PBXNativeTarget;
			buildConfigurationList = ECF1B90E2E0E6CF200D95400 /* Build configuration list for PBXNativeTarget "EqualExpertTestTests" */;
			buildPhases = (
				ECF1B8F32E0E6CF200D95400 /* Sources */,
				ECF1B8F42E0E6CF200D95400 /* Frameworks */,
				ECF1B8F52E0E6CF200D95400 /* Resources */,
			);
			buildRules = (
			);
			dependencies = (
				ECF1B8F92E0E6CF200D95400 /* PBXTargetDependency */,
			);
			fileSystemSynchronizedGroups = (
				ECF1B8FA2E0E6CF200D95400 /* EqualExpertTestTests */,
			);
			name = EqualExpertTestTests;
			packageProductDependencies = (
			);
			productName = EqualExpertTestTests;
			productReference = ECF1B8F72E0E6CF200D95400 /* EqualExpertTestTests.xctest */;
			productType = "com.apple.product-type.bundle.unit-test";
		};
		ECF1B9002E0E6CF200D95400 /* EqualExpertTestUITests */ = {
			isa = PBXNativeTarget;
			buildConfigurationList = ECF1B9112E0E6CF200D95400 /* Build configuration list for PBXNativeTarget "EqualExpertTestUITests" */;
			buildPhases = (
				ECF1B8FD2E0E6CF200D95400 /* Sources */,
				ECF1B8FE2E0E6CF200D95400 /* Frameworks */,
				ECF1B8FF2E0E6CF200D95400 /* Resources */,
			);
			buildRules = (
			);
			dependencies = (
				ECF1B9032E0E6CF200D95400 /* PBXTargetDependency */,
			);
			fileSystemSynchronizedGroups = (
				ECF1B9042E0E6CF200D95400 /* EqualExpertTestUITests */,
			);
			name = EqualExpertTestUITests;
			packageProductDependencies = (
			);
			productName = EqualExpertTestUITests;
			productReference = ECF1B9012E0E6CF200D95400 /* EqualExpertTestUITests.xctest */;
			productType = "com.apple.product-type.bundle.ui-testing";
		};
/* End PBXNativeTarget section */

/* Begin PBXProject section */
		ECF1B8DF2E0E6CF000D95400 /* Project object */ = {
			isa = PBXProject;
			attributes = {
				BuildIndependentTargetsInParallel = 1;
				LastSwiftUpdateCheck = 1620;
				LastUpgradeCheck = 1620;
				TargetAttributes = {
					ECF1B8E62E0E6CF000D95400 = {
						CreatedOnToolsVersion = 16.2;
					};
					ECF1B8F62E0E6CF200D95400 = {
						CreatedOnToolsVersion = 16.2;
						TestTargetID = ECF1B8E62E0E6CF000D95400;
					};
					ECF1B9002E0E6CF200D95400 = {
						CreatedOnToolsVersion = 16.2;
						TestTargetID = ECF1B8E62E0E6CF000D95400;
					};
				};
			};
			buildConfigurationList = ECF1B8E22E0E6CF000D95400 /* Build configuration list for PBXProject "EqualExpertTest" */;
			developmentRegion = en;
			hasScannedForEncodings = 0;
			knownRegions = (
				en,
				Base,
			);
			mainGroup = ECF1B8DE2E0E6CF000D95400;
			minimizedProjectReferenceProxies = 1;
			preferredProjectObjectVersion = 77;
			productRefGroup = ECF1B8E82E0E6CF000D95400 /* Products */;
			projectDirPath = "";
			projectRoot = "";
			targets = (
				ECF1B8E62E0E6CF000D95400 /* EqualExpertTest */,
				ECF1B8F62E0E6CF200D95400 /* EqualExpertTestTests */,
				ECF1B9002E0E6CF200D95400 /* EqualExpertTestUITests */,
			);
		};
/* End PBXProject section */

/* Begin PBXResourcesBuildPhase section */
		ECF1B8E52E0E6CF000D95400 /* Resources */ = {
			isa = PBXResourcesBuildPhase;
			buildActionMask = 2147483647;
			files = (
				ECB519032E10127400C2E2A4 /* README.rtf in Resources */,
			);
			runOnlyForDeploymentPostprocessing = 0;
		};
		ECF1B8F52E0E6CF200D95400 /* Resources */ = {
			isa = PBXResourcesBuildPhase;
			buildActionMask = 2147483647;
			files = (
			);
			runOnlyForDeploymentPostprocessing = 0;
		};
		ECF1B8FF2E0E6CF200D95400 /* Resources */ = {
			isa = PBXResourcesBuildPhase;
			buildActionMask = 2147483647;
			files = (
			);
			runOnlyForDeploymentPostprocessing = 0;
		};
/* End PBXResourcesBuildPhase section */

/* Begin PBXSourcesBuildPhase section */
		ECF1B8E32E0E6CF000D95400 /* Sources */ = {
			isa = PBXSourcesBuildPhase;
			buildActionMask = 2147483647;
			files = (
			);
			runOnlyForDeploymentPostprocessing = 0;
		};
		ECF1B8F32E0E6CF200D95400 /* Sources */ = {
			isa = PBXSourcesBuildPhase;
			buildActionMask = 2147483647;
			files = (
			);
			runOnlyForDeploymentPostprocessing = 0;
		};
		ECF1B8FD2E0E6CF200D95400 /* Sources */ = {
			isa = PBXSourcesBuildPhase;
			buildActionMask = 2147483647;
			files = (
			);
			runOnlyForDeploymentPostprocessing = 0;
		};
/* End PBXSourcesBuildPhase section */

/* Begin PBXTargetDependency section */
		ECF1B8F92E0E6CF200D95400 /* PBXTargetDependency */ = {
			isa = PBXTargetDependency;
			target = ECF1B8E62E0E6CF000D95400 /* EqualExpertTest */;
			targetProxy = ECF1B8F82E0E6CF200D95400 /* PBXContainerItemProxy */;
		};
		ECF1B9032E0E6CF200D95400 /* PBXTargetDependency */ = {
			isa = PBXTargetDependency;
			target = ECF1B8E62E0E6CF000D95400 /* EqualExpertTest */;
			targetProxy = ECF1B9022E0E6CF200D95400 /* PBXContainerItemProxy */;
		};
/* End PBXTargetDependency section */

/* Begin XCBuildConfiguration section */
		ECF1B9092E0E6CF200D95400 /* Debug */ = {
			isa = XCBuildConfiguration;
			buildSettings = {
				ALWAYS_SEARCH_USER_PATHS = NO;
				ASSETCATALOG_COMPILER_GENERATE_SWIFT_ASSET_SYMBOL_EXTENSIONS = YES;
				CLANG_ANALYZER_NONNULL = YES;
				CLANG_ANALYZER_NUMBER_OBJECT_CONVERSION = YES_AGGRESSIVE;
				CLANG_CXX_LANGUAGE_STANDARD = "gnu++20";
				CLANG_ENABLE_MODULES = YES;
				CLANG_ENABLE_OBJC_ARC = YES;
				CLANG_ENABLE_OBJC_WEAK = YES;
				CLANG_WARN_BLOCK_CAPTURE_AUTORELEASING = YES;
				CLANG_WARN_BOOL_CONVERSION = YES;
				CLANG_WARN_COMMA = YES;
				CLANG_WARN_CONSTANT_CONVERSION = YES;
				CLANG_WARN_DEPRECATED_OBJC_IMPLEMENTATIONS = YES;
				CLANG_WARN_DIRECT_OBJC_ISA_USAGE = YES_ERROR;
				CLANG_WARN_DOCUMENTATION_COMMENTS = YES;
				CLANG_WARN_EMPTY_BODY = YES;
				CLANG_WARN_ENUM_CONVERSION = YES;
				CLANG_WARN_INFINITE_RECURSION = YES;
				CLANG_WARN_INT_CONVERSION = YES;
				CLANG_WARN_NON_LITERAL_NULL_CONVERSION = YES;
				CLANG_WARN_OBJC_IMPLICIT_RETAIN_SELF = YES;
				CLANG_WARN_OBJC_LITERAL_CONVERSION = YES;
				CLANG_WARN_OBJC_ROOT_CLASS = YES_ERROR;
				CLANG_WARN_QUOTED_INCLUDE_IN_FRAMEWORK_HEADER = YES;
				CLANG_WARN_RANGE_LOOP_ANALYSIS = YES;
				CLANG_WARN_STRICT_PROTOTYPES = YES;
				CLANG_WARN_SUSPICIOUS_MOVE = YES;
				CLANG_WARN_UNGUARDED_AVAILABILITY = YES_AGGRESSIVE;
				CLANG_WARN_UNREACHABLE_CODE = YES;
				CLANG_WARN__DUPLICATE_METHOD_MATCH = YES;
				COPY_PHASE_STRIP = NO;
				DEBUG_INFORMATION_FORMAT = dwarf;
				ENABLE_STRICT_OBJC_MSGSEND = YES;
				ENABLE_TESTABILITY = YES;
				ENABLE_USER_SCRIPT_SANDBOXING = YES;
				GCC_C_LANGUAGE_STANDARD = gnu17;
				GCC_DYNAMIC_NO_PIC = NO;
				GCC_NO_COMMON_BLOCKS = YES;
				GCC_OPTIMIZATION_LEVEL = 0;
				GCC_PREPROCESSOR_DEFINITIONS = (
					"DEBUG=1",
					"$(inherited)",
				);
				GCC_WARN_64_TO_32_BIT_CONVERSION = YES;
				GCC_WARN_ABOUT_RETURN_TYPE = YES_ERROR;
				GCC_WARN_UNDECLARED_SELECTOR = YES;
				GCC_WARN_UNINITIALIZED_AUTOS = YES_AGGRESSIVE;
				GCC_WARN_UNUSED_FUNCTION = YES;
				GCC_WARN_UNUSED_VARIABLE = YES;
				IPHONEOS_DEPLOYMENT_TARGET = 18.2;
				LOCALIZATION_PREFERS_STRING_CATALOGS = YES;
				MTL_ENABLE_DEBUG_INFO = INCLUDE_SOURCE;
				MTL_FAST_MATH = YES;
				ONLY_ACTIVE_ARCH = YES;
				SDKROOT = iphoneos;
				SWIFT_ACTIVE_COMPILATION_CONDITIONS = "DEBUG $(inherited)";
				SWIFT_OPTIMIZATION_LEVEL = "-Onone";
			};
			name = Debug;
		};
		ECF1B90A2E0E6CF200D95400 /* Release */ = {
			isa = XCBuildConfiguration;
			buildSettings = {
				ALWAYS_SEARCH_USER_PATHS = NO;
				ASSETCATALOG_COMPILER_GENERATE_SWIFT_ASSET_SYMBOL_EXTENSIONS = YES;
				CLANG_ANALYZER_NONNULL = YES;
				CLANG_ANALYZER_NUMBER_OBJECT_CONVERSION = YES_AGGRESSIVE;
				CLANG_CXX_LANGUAGE_STANDARD = "gnu++20";
				CLANG_ENABLE_MODULES = YES;
				CLANG_ENABLE_OBJC_ARC = YES;
				CLANG_ENABLE_OBJC_WEAK = YES;
				CLANG_WARN_BLOCK_CAPTURE_AUTORELEASING = YES;
				CLANG_WARN_BOOL_CONVERSION = YES;
				CLANG_WARN_COMMA = YES;
				CLANG_WARN_CONSTANT_CONVERSION = YES;
				CLANG_WARN_DEPRECATED_OBJC_IMPLEMENTATIONS = YES;
				CLANG_WARN_DIRECT_OBJC_ISA_USAGE = YES_ERROR;
				CLANG_WARN_DOCUMENTATION_COMMENTS = YES;
				CLANG_WARN_EMPTY_BODY = YES;
				CLANG_WARN_ENUM_CONVERSION = YES;
				CLANG_WARN_INFINITE_RECURSION = YES;
				CLANG_WARN_INT_CONVERSION = YES;
				CLANG_WARN_NON_LITERAL_NULL_CONVERSION = YES;
				CLANG_WARN_OBJC_IMPLICIT_RETAIN_SELF = YES;
				CLANG_WARN_OBJC_LITERAL_CONVERSION = YES;
				CLANG_WARN_OBJC_ROOT_CLASS = YES_ERROR;
				CLANG_WARN_QUOTED_INCLUDE_IN_FRAMEWORK_HEADER = YES;
				CLANG_WARN_RANGE_LOOP_ANALYSIS = YES;
				CLANG_WARN_STRICT_PROTOTYPES = YES;
				CLANG_WARN_SUSPICIOUS_MOVE = YES;
				CLANG_WARN_UNGUARDED_AVAILABILITY = YES_AGGRESSIVE;
				CLANG_WARN_UNREACHABLE_CODE = YES;
				CLANG_WARN__DUPLICATE_METHOD_MATCH = YES;
				COPY_PHASE_STRIP = NO;
				DEBUG_INFORMATION_FORMAT = "dwarf-with-dsym";
				ENABLE_NS_ASSERTIONS = NO;
				ENABLE_STRICT_OBJC_MSGSEND = YES;
				ENABLE_USER_SCRIPT_SANDBOXING = YES;
				GCC_C_LANGUAGE_STANDARD = gnu17;
				GCC_NO_COMMON_BLOCKS = YES;
				GCC_WARN_64_TO_32_BIT_CONVERSION = YES;
				GCC_WARN_ABOUT_RETURN_TYPE = YES_ERROR;
				GCC_WARN_UNDECLARED_SELECTOR = YES;
				GCC_WARN_UNINITIALIZED_AUTOS = YES_AGGRESSIVE;
				GCC_WARN_UNUSED_FUNCTION = YES;
				GCC_WARN_UNUSED_VARIABLE = YES;
				IPHONEOS_DEPLOYMENT_TARGET = 18.2;
				LOCALIZATION_PREFERS_STRING_CATALOGS = YES;
				MTL_ENABLE_DEBUG_INFO = NO;
				MTL_FAST_MATH = YES;
				SDKROOT = iphoneos;
				SWIFT_COMPILATION_MODE = wholemodule;
				VALIDATE_PRODUCT = YES;
			};
			name = Release;
		};
		ECF1B90C2E0E6CF200D95400 /* Debug */ = {
			isa = XCBuildConfiguration;
			buildSettings = {
				ASSETCATALOG_COMPILER_APPICON_NAME = AppIcon;
				ASSETCATALOG_COMPILER_GLOBAL_ACCENT_COLOR_NAME = AccentColor;
				CODE_SIGN_STYLE = Automatic;
				CURRENT_PROJECT_VERSION = 1;
				DEVELOPMENT_ASSET_PATHS = "\"EqualExpertTest/Preview Content\"";
				ENABLE_PREVIEWS = YES;
				GENERATE_INFOPLIST_FILE = YES;
				INFOPLIST_KEY_UIApplicationSceneManifest_Generation = YES;
				INFOPLIST_KEY_UIApplicationSupportsIndirectInputEvents = YES;
				INFOPLIST_KEY_UILaunchScreen_Generation = YES;
				INFOPLIST_KEY_UISupportedInterfaceOrientations_iPad = "UIInterfaceOrientationPortrait UIInterfaceOrientationPortraitUpsideDown UIInterfaceOrientationLandscapeLeft UIInterfaceOrientationLandscapeRight";
				INFOPLIST_KEY_UISupportedInterfaceOrientations_iPhone = "UIInterfaceOrientationPortrait UIInterfaceOrientationLandscapeLeft UIInterfaceOrientationLandscapeRight";
				LD_RUNPATH_SEARCH_PATHS = (
					"$(inherited)",
					"@executable_path/Frameworks",
				);
				MARKETING_VERSION = 1.0;
				PRODUCT_BUNDLE_IDENTIFIER = com.EqualExpertTest;
				PRODUCT_NAME = "$(TARGET_NAME)";
				SWIFT_EMIT_LOC_STRINGS = YES;
				SWIFT_VERSION = 5.0;
				TARGETED_DEVICE_FAMILY = "1,2";
			};
			name = Debug;
		};
		ECF1B90D2E0E6CF200D95400 /* Release */ = {
			isa = XCBuildConfiguration;
			buildSettings = {
				ASSETCATALOG_COMPILER_APPICON_NAME = AppIcon;
				ASSETCATALOG_COMPILER_GLOBAL_ACCENT_COLOR_NAME = AccentColor;
				CODE_SIGN_STYLE = Automatic;
				CURRENT_PROJECT_VERSION = 1;
				DEVELOPMENT_ASSET_PATHS = "\"EqualExpertTest/Preview Content\"";
				ENABLE_PREVIEWS = YES;
				GENERATE_INFOPLIST_FILE = YES;
				INFOPLIST_KEY_UIApplicationSceneManifest_Generation = YES;
				INFOPLIST_KEY_UIApplicationSupportsIndirectInputEvents = YES;
				INFOPLIST_KEY_UILaunchScreen_Generation = YES;
				INFOPLIST_KEY_UISupportedInterfaceOrientations_iPad = "UIInterfaceOrientationPortrait UIInterfaceOrientationPortraitUpsideDown UIInterfaceOrientationLandscapeLeft UIInterfaceOrientationLandscapeRight";
				INFOPLIST_KEY_UISupportedInterfaceOrientations_iPhone = "UIInterfaceOrientationPortrait UIInterfaceOrientationLandscapeLeft UIInterfaceOrientationLandscapeRight";
				LD_RUNPATH_SEARCH_PATHS = (
					"$(inherited)",
					"@executable_path/Frameworks",
				);
				MARKETING_VERSION = 1.0;
				PRODUCT_BUNDLE_IDENTIFIER = com.EqualExpertTest;
				PRODUCT_NAME = "$(TARGET_NAME)";
				SWIFT_EMIT_LOC_STRINGS = YES;
				SWIFT_VERSION = 5.0;
				TARGETED_DEVICE_FAMILY = "1,2";
			};
			name = Release;
		};
		ECF1B90F2E0E6CF200D95400 /* Debug */ = {
			isa = XCBuildConfiguration;
			buildSettings = {
				BUNDLE_LOADER = "$(TEST_HOST)";
				CODE_SIGN_STYLE = Automatic;
				CURRENT_PROJECT_VERSION = 1;
				GENERATE_INFOPLIST_FILE = YES;
				IPHONEOS_DEPLOYMENT_TARGET = 18.2;
				MARKETING_VERSION = 1.0;
				PRODUCT_BUNDLE_IDENTIFIER = com.EqualExpertTestTests;
				PRODUCT_NAME = "$(TARGET_NAME)";
				SWIFT_EMIT_LOC_STRINGS = NO;
				SWIFT_VERSION = 5.0;
				TARGETED_DEVICE_FAMILY = "1,2";
				TEST_HOST = "$(BUILT_PRODUCTS_DIR)/EqualExpertTest.app/$(BUNDLE_EXECUTABLE_FOLDER_PATH)/EqualExpertTest";
			};
			name = Debug;
		};
		ECF1B9102E0E6CF200D95400 /* Release */ = {
			isa = XCBuildConfiguration;
			buildSettings = {
				BUNDLE_LOADER = "$(TEST_HOST)";
				CODE_SIGN_STYLE = Automatic;
				CURRENT_PROJECT_VERSION = 1;
				GENERATE_INFOPLIST_FILE = YES;
				IPHONEOS_DEPLOYMENT_TARGET = 18.2;
				MARKETING_VERSION = 1.0;
				PRODUCT_BUNDLE_IDENTIFIER = com.EqualExpertTestTests;
				PRODUCT_NAME = "$(TARGET_NAME)";
				SWIFT_EMIT_LOC_STRINGS = NO;
				SWIFT_VERSION = 5.0;
				TARGETED_DEVICE_FAMILY = "1,2";
				TEST_HOST = "$(BUILT_PRODUCTS_DIR)/EqualExpertTest.app/$(BUNDLE_EXECUTABLE_FOLDER_PATH)/EqualExpertTest";
			};
			name = Release;
		};
		ECF1B9122E0E6CF200D95400 /* Debug */ = {
			isa = XCBuildConfiguration;
			buildSettings = {
				CODE_SIGN_STYLE = Automatic;
				CURRENT_PROJECT_VERSION = 1;
				GENERATE_INFOPLIST_FILE = YES;
				MARKETING_VERSION = 1.0;
				PRODUCT_BUNDLE_IDENTIFIER = com.EqualExpertTestUITests;
				PRODUCT_NAME = "$(TARGET_NAME)";
				SWIFT_EMIT_LOC_STRINGS = NO;
				SWIFT_VERSION = 5.0;
				TARGETED_DEVICE_FAMILY = "1,2";
				TEST_TARGET_NAME = EqualExpertTest;
			};
			name = Debug;
		};
		ECF1B9132E0E6CF200D95400 /* Release */ = {
			isa = XCBuildConfiguration;
			buildSettings = {
				CODE_SIGN_STYLE = Automatic;
				CURRENT_PROJECT_VERSION = 1;
				GENERATE_INFOPLIST_FILE = YES;
				MARKETING_VERSION = 1.0;
				PRODUCT_BUNDLE_IDENTIFIER = com.EqualExpertTestUITests;
				PRODUCT_NAME = "$(TARGET_NAME)";
				SWIFT_EMIT_LOC_STRINGS = NO;
				SWIFT_VERSION = 5.0;
				TARGETED_DEVICE_FAMILY = "1,2";
				TEST_TARGET_NAME = EqualExpertTest;
			};
			name = Release;
		};
/* End XCBuildConfiguration section */

/* Begin XCConfigurationList section */
		ECF1B8E22E0E6CF000D95400 /* Build configuration list for PBXProject "EqualExpertTest" */ = {
			isa = XCConfigurationList;
			buildConfigurations = (
				ECF1B9092E0E6CF200D95400 /* Debug */,
				ECF1B90A2E0E6CF200D95400 /* Release */,
			);
			defaultConfigurationIsVisible = 0;
			defaultConfigurationName = Release;
		};
		ECF1B90B2E0E6CF200D95400 /* Build configuration list for PBXNativeTarget "EqualExpertTest" */ = {
			isa = XCConfigurationList;
			buildConfigurations = (
				ECF1B90C2E0E6CF200D95400 /* Debug */,
				ECF1B90D2E0E6CF200D95400 /* Release */,
			);
			defaultConfigurationIsVisible = 0;
			defaultConfigurationName = Release;
		};
		ECF1B90E2E0E6CF200D95400 /* Build configuration list for PBXNativeTarget "EqualExpertTestTests" */ = {
			isa = XCConfigurationList;
			buildConfigurations = (
				ECF1B90F2E0E6CF200D95400 /* Debug */,
				ECF1B9102E0E6CF200D95400 /* Release */,
			);
			defaultConfigurationIsVisible = 0;
			defaultConfigurationName = Release;
		};
		ECF1B9112E0E6CF200D95400 /* Build configuration list for PBXNativeTarget "EqualExpertTestUITests" */ = {
			isa = XCConfigurationList;
			buildConfigurations = (
				ECF1B9122E0E6CF200D95400 /* Debug */,
				ECF1B9132E0E6CF200D95400 /* Release */,
			);
			defaultConfigurationIsVisible = 0;
			defaultConfigurationName = Release;
		};
/* End XCConfigurationList section */
	};
	rootObject = ECF1B8DF2E0E6CF000D95400 /* Project object */;
}
